
Microsoft Visual Studio Solution File, Format Version 12.00
# Visual Studio Version 17
VisualStudioVersion = 17.5.33530.505
MinimumVisualStudioVersion = 10.0.40219.1
Project("{FAE04EC0-301F-11D3-BF4B-00C04F79EFBC}") = "Assiubnment_grades", "Assiubnment_grades.csproj", "{880DB005-CC87-4D3B-A3B4-3DA3AEB6764A}"
EndProject
Global
	GlobalSection(SolutionConfigurationPlatforms) = preSolution
		Debug|Any CPU = Debug|Any CPU
		Release|Any CPU = Release|Any CPU
	EndGlobalSection
	GlobalSection(ProjectConfigurationPlatforms) = postSolution
		{880DB005-CC87-4D3B-A3B4-3DA3AEB6764A}.Debug|Any CPU.ActiveCfg = Debug|Any CPU
		{880DB005-CC87-4D3B-A3B4-3DA3AEB6764A}.Debug|Any CPU.Build.0 = Debug|Any CPU
		{880DB005-CC87-4D3B-A3B4-3DA3AEB6764A}.Release|Any CPU.ActiveCfg = Release|Any CPU
		{880DB005-CC87-4D3B-A3B4-3DA3AEB6764A}.Release|Any CPU.Build.0 = Release|Any CPU
	EndGlobalSection
	GlobalSection(SolutionProperties) = preSolution
		HideSolutionNode = FALSE
	EndGlobalSection
	GlobalSection(ExtensibilityGlobals) = postSolution
		SolutionGuid = {46EA7002-BBEC-4AF2-BAFD-C47A30124657}
	EndGlobalSection
EndGlobal
